
Microsoft Visual Studio Solution File, Format Version 12.00
# Visual Studio Version 17
VisualStudioVersion = 17.2.32616.157
MinimumVisualStudioVersion = 10.0.40219.1
Project("{FAE04EC0-301F-11D3-BF4B-00C04F79EFBC}") = "ShopriteApplication", "ShopriteApplication\ShopriteApplication.csproj", "{5C14698F-5DEB-44C5-A3A0-8DBF4192A74F}"
EndProject
Global
	GlobalSection(SolutionConfigurationPlatforms) = preSolution
		Debug|Any CPU = Debug|Any CPU
		Release|Any CPU = Release|Any CPU
	EndGlobalSection
	GlobalSection(ProjectConfigurationPlatforms) = postSolution
		{5C14698F-5DEB-44C5-A3A0-8DBF4192A74F}.Debug|Any CPU.ActiveCfg = Debug|Any CPU
		{5C14698F-5DEB-44C5-A3A0-8DBF4192A74F}.Debug|Any CPU.Build.0 = Debug|Any CPU
		{5C14698F-5DEB-44C5-A3A0-8DBF4192A74F}.Release|Any CPU.ActiveCfg = Release|Any CPU
		{5C14698F-5DEB-44C5-A3A0-8DBF4192A74F}.Release|Any CPU.Build.0 = Release|Any CPU
	EndGlobalSection
	GlobalSection(SolutionProperties) = preSolution
		HideSolutionNode = FALSE
	EndGlobalSection
	GlobalSection(ExtensibilityGlobals) = postSolution
		SolutionGuid = {7D5E81A8-A5A9-4AC4-916B-3758D5BD8EA8}
	EndGlobalSection
EndGlobal
